
Microsoft Visual Studio Solution File, Format Version 12.00
# Visual Studio Version 17
VisualStudioVersion = 17.3.32929.385
MinimumVisualStudioVersion = 10.0.40219.1
Project("{FAE04EC0-301F-11D3-BF4B-00C04F79EFBC}") = "WinFormsApp1", "WinFormsApp1\WinFormsApp1.csproj", "{03A110DA-40B2-464F-9040-4D39DF80BE78}"
EndProject
Global
	GlobalSection(SolutionConfigurationPlatforms) = preSolution
		Debug|Any CPU = Debug|Any CPU
		Release|Any CPU = Release|Any CPU
	EndGlobalSection
	GlobalSection(ProjectConfigurationPlatforms) = postSolution
		{03A110DA-40B2-464F-9040-4D39DF80BE78}.Debug|Any CPU.ActiveCfg = Debug|Any CPU
		{03A110DA-40B2-464F-9040-4D39DF80BE78}.Debug|Any CPU.Build.0 = Debug|Any CPU
		{03A110DA-40B2-464F-9040-4D39DF80BE78}.Release|Any CPU.ActiveCfg = Release|Any CPU
		{03A110DA-40B2-464F-9040-4D39DF80BE78}.Release|Any CPU.Build.0 = Release|Any CPU
	EndGlobalSection
	GlobalSection(SolutionProperties) = preSolution
		HideSolutionNode = FALSE
	EndGlobalSection
	GlobalSection(ExtensibilityGlobals) = postSolution
		SolutionGuid = {57EC87FC-D3E1-4315-8F9D-EFF7582915B1}
	EndGlobalSection
EndGlobal
